{
    "_readme": [
        "This file locks the dependencies of your project to a known state",
        "Read more about it at http://getcomposer.org/doc/01-basic-usage.md#composer-lock-the-lock-file"
    ],
    "hash": "5446fd1287d06aba28de782368403407",
    "packages": [
        {
            "name": "twitter/bootstrap",
            "version": "dev-master",
            "source": {
                "type": "git",
                "url": "https://github.com/twbs/bootstrap.git",
                "reference": "6ed5a844a8ca3582240ddda70d63a3d7bfea7c50"
            },
            "dist": {
                "type": "zip",
                "url": "https://api.github.com/repos/twbs/bootstrap/zipball/6ed5a844a8ca3582240ddda70d63a3d7bfea7c50",
                "reference": "6ed5a844a8ca3582240ddda70d63a3d7bfea7c50",
                "shasum": ""
            },
            "type": "library",
            "extra": {
                "branch-alias": {
                    "dev-master": "3.0.x-dev"
                }
            },
            "notification-url": "https://packagist.org/downloads/",
            "license": [
                "Apache-2.0"
            ],
            "authors": [
                {
                    "name": "Jacob Thornton",
                    "email": "jacobthornton@gmail.com"
                },
                {
                    "name": "Mark Otto",
                    "email": "markdotto@gmail.com"
                }
            ],
            "description": "Sleek, intuitive, and powerful mobile first front-end framework for faster and easier web development.",
            "homepage": "http://getbootstrap.com",
            "keywords": [
                "bootstrap",
                "css"
            ],
            "time": "2013-11-19 22:15:09"
        },
        {
            "name": "uvicate/jso",
            "version": "dev-master",
            "source": {
                "type": "git",
                "url": "https://github.com/uvicate/jso.git",
                "reference": "d9b78ffb527a56fe21ae5360f69ce8fee1770b4b"
            },
            "dist": {
                "type": "zip",
                "url": "https://api.github.com/repos/uvicate/jso/zipball/d9b78ffb527a56fe21ae5360f69ce8fee1770b4b",
                "reference": "d9b78ffb527a56fe21ae5360f69ce8fee1770b4b",
                "shasum": ""
            },
            "type": "library",
            "autoload": {
                "psr-0": {
                    "uVicate\\": "src/"
                }
            },
            "notification-url": "https://packagist.org/downloads/",
            "license": [
                "LGPL"
            ],
            "authors": [
                {
                    "name": "Victor Quiroz",
                    "email": "victorhqc@gmail.com",
                    "homepage": "http://victorhqc.com",
                    "role": "Maintainer"
                },
                {
                    "name": "Andreas Åkre Solberg",
                    "email": "andreas.solberg@uninett.no",
                    "homepage": "http://rnd.feide.no",
                    "role": "Developer"
                }
            ],
            "description": "General Class User",
            "homepage": "https://github.com/uvicate/jso",
            "keywords": [
                "javascript",
                "oauth"
            ],
            "time": "2013-11-21 18:42:29"
        },
        {
            "name": "uvicate/ladda",
            "version": "dev-master",
            "source": {
                "type": "git",
                "url": "https://github.com/uvicate/Ladda.git",
                "reference": "acc4dcf4f3f0adb606e76fff1f08601fa9cc6494"
            },
            "dist": {
                "type": "zip",
                "url": "https://api.github.com/repos/uvicate/Ladda/zipball/acc4dcf4f3f0adb606e76fff1f08601fa9cc6494",
                "reference": "acc4dcf4f3f0adb606e76fff1f08601fa9cc6494",
                "shasum": ""
            },
            "type": "library",
            "notification-url": "https://packagist.org/downloads/",
            "license": [
                "MIT"
            ],
            "authors": [
                {
                    "name": "Victor Quiroz",
                    "email": "victorhqc@gmail.com",
                    "homepage": "http://victorhqc.com",
                    "role": "Maintainer"
                },
                {
                    "name": "Hakim El Hattab",
                    "email": "hakim.elhattab@gmail.com",
                    "homepage": "http://hakim.se",
                    "role": "Developer"
                }
            ],
            "description": "Buttons with built-in loading indicators",
            "homepage": "https://github.com/uvicate/Ladda",
            "keywords": [
                "button",
                "css",
                "javascript",
                "loading"
            ],
            "time": "2013-11-19 18:23:05"
        },
        {
            "name": "uvicate/webapp",
            "version": "dev-master",
            "source": {
                "type": "git",
                "url": "https://github.com/uvicate/WebApp.git",
                "reference": "af006931f3a8b41b75399e86246ab8549c5de186"
            },
            "dist": {
                "type": "zip",
                "url": "https://api.github.com/repos/uvicate/WebApp/zipball/af006931f3a8b41b75399e86246ab8549c5de186",
                "reference": "af006931f3a8b41b75399e86246ab8549c5de186",
                "shasum": ""
            },
            "type": "library",
            "notification-url": "https://packagist.org/downloads/",
            "license": [
                "MIT"
            ],
            "authors": [
                {
                    "name": "Victor Quiroz",
                    "email": "victorhqc@gmail.com",
                    "homepage": "http://victorhqc.com",
                    "role": "Developer"
                }
            ],
            "description": "Creating and manage Ajax-Translatable Applications",
            "homepage": "https://github.com/uvicate/WebApp",
            "keywords": [
                "ajax",
                "translate",
                "webapp"
            ],
            "time": "2013-11-15 17:37:24"
        }
    ],
    "packages-dev": [

    ],
    "aliases": [

    ],
    "minimum-stability": "dev",
    "stability-flags": {
        "uvicate/webapp": 20,
        "uvicate/ladda": 20,
        "uvicate/jso": 20,
        "twitter/bootstrap": 20
    },
    "platform": [

    ],
    "platform-dev": [

    ]
}
