{
    "_readme": [
        "This file locks the dependencies of your project to a known state",
        "Read more about it at http://getcomposer.org/doc/01-basic-usage.md#composer-lock-the-lock-file"
    ],
    "hash": "548ca3d199b76c6ff7f66f1ae22b5fb4",
    "packages": [
        {
            "name": "twitter/bootstrap",
            "version": "dev-master",
            "source": {
                "type": "git",
                "url": "https://github.com/twbs/bootstrap.git",
                "reference": "2172e2ea8a79f8c5d43863d83ff31b50abb391a0"
            },
            "dist": {
                "type": "zip",
                "url": "https://api.github.com/repos/twbs/bootstrap/zipball/2172e2ea8a79f8c5d43863d83ff31b50abb391a0",
                "reference": "2172e2ea8a79f8c5d43863d83ff31b50abb391a0",
                "shasum": ""
            },
            "type": "library",
            "extra": {
                "branch-alias": {
                    "dev-master": "3.0.x-dev"
                }
            },
            "notification-url": "https://packagist.org/downloads/",
            "license": [
                "Apache-2.0"
            ],
            "authors": [
                {
                    "name": "Jacob Thornton",
                    "email": "jacobthornton@gmail.com"
                },
                {
                    "name": "Mark Otto",
                    "email": "markdotto@gmail.com"
                }
            ],
            "description": "Sleek, intuitive, and powerful mobile first front-end framework for faster and easier web development.",
            "homepage": "http://getbootstrap.com",
            "keywords": [
                "bootstrap",
                "css"
            ],
            "time": "2013-11-19 03:29:08"
        },
        {
            "name": "uvicate/ladda",
            "version": "dev-master",
            "source": {
                "type": "git",
                "url": "https://github.com/uvicate/Ladda.git",
                "reference": "acc4dcf4f3f0adb606e76fff1f08601fa9cc6494"
            },
            "dist": {
                "type": "zip",
                "url": "https://api.github.com/repos/uvicate/Ladda/zipball/acc4dcf4f3f0adb606e76fff1f08601fa9cc6494",
                "reference": "acc4dcf4f3f0adb606e76fff1f08601fa9cc6494",
                "shasum": ""
            },
            "type": "library",
            "notification-url": "https://packagist.org/downloads/",
            "license": [
                "MIT"
            ],
            "authors": [
                {
                    "name": "Victor Quiroz",
                    "email": "victorhqc@gmail.com",
                    "homepage": "http://victorhqc.com",
                    "role": "Maintainer"
                },
                {
                    "name": "Hakim El Hattab",
                    "email": "hakim.elhattab@gmail.com",
                    "homepage": "http://hakim.se",
                    "role": "Developer"
                }
            ],
            "description": "Buttons with built-in loading indicators",
            "homepage": "https://github.com/uvicate/Ladda",
            "keywords": [
                "button",
                "css",
                "javascript",
                "loading"
            ],
            "time": "2013-11-19 18:23:05"
        },
        {
            "name": "uvicate/webapp",
            "version": "dev-master",
            "source": {
                "type": "git",
                "url": "https://github.com/uvicate/WebApp.git",
                "reference": "24835e230f739ad8872e2f084dd6557db823725b"
            },
            "dist": {
                "type": "zip",
                "url": "https://api.github.com/repos/uvicate/WebApp/zipball/24835e230f739ad8872e2f084dd6557db823725b",
                "reference": "24835e230f739ad8872e2f084dd6557db823725b",
                "shasum": ""
            },
            "type": "library",
            "notification-url": "https://packagist.org/downloads/",
            "license": [
                "MIT"
            ],
            "authors": [
                {
                    "name": "Victor Quiroz",
                    "email": "victorhqc@gmail.com",
                    "homepage": "http://victorhqc.com",
                    "role": "Developer"
                }
            ],
            "description": "Creating and manage Ajax-Translatable Applications",
            "homepage": "https://github.com/uvicate/WebApp",
            "keywords": [
                "ajax",
                "translate",
                "webapp"
            ],
            "time": "2013-11-02 19:42:34"
        }
    ],
    "packages-dev": [

    ],
    "aliases": [

    ],
    "minimum-stability": "dev",
    "stability-flags": {
        "uvicate/webapp": 20,
        "uvicate/ladda": 20,
        "twitter/bootstrap": 20
    },
    "platform": [

    ],
    "platform-dev": [

    ]
}
